PODS:
  - AsyncDisplayKit (1.2.1):
    - AsyncDisplayKit/ASDealloc2MainObject (= 1.2.1)
  - AsyncDisplayKit/ASDealloc2MainObject (1.2.1)

DEPENDENCIES:
  - AsyncDisplayKit (from `https://github.com/Facebook/AsyncDisplayKit.git`)

EXTERNAL SOURCES:
  AsyncDisplayKit:
    :git: https://github.com/Facebook/AsyncDisplayKit.git

CHECKOUT OPTIONS:
  AsyncDisplayKit:
    :commit: 66e241162f0a7c2e20d9e62ed7a9ec568a9fc6a0
    :git: https://github.com/Facebook/AsyncDisplayKit.git

SPEC CHECKSUMS:
  AsyncDisplayKit: b2f777da3a246b4aad660b2a55d60bb4328049b9

COCOAPODS: 0.37.2
